<?xml version="1.0" encoding="utf-8"?>
<Project ToolsVersion="15.0" xmlns="http://schemas.microsoft.com/developer/msbuild/2003">
  <ItemGroup>
    <Filter Include="Assets">
      <UniqueIdentifier>943a3c60-dbb0-4a0b-ae4a-a88dba21ffbb</UniqueIdentifier>
      <Extensions>bmp;fbx;gif;jpg;jpeg;tga;tiff;tif;png</Extensions>
    </Filter>
    <Filter Include="Pages">
      <UniqueIdentifier>{87668aff-b511-4460-8fb6-b0b058fb6b33}</UniqueIdentifier>
    </Filter>
    <Filter Include="Objects">
      <UniqueIdentifier>{c4da1d88-7947-439b-94ea-5e71108e5078}</UniqueIdentifier>
    </Filter>
    <Filter Include="Network">
      <UniqueIdentifier>{d9604d9f-bfa1-4202-9b91-c99020f2ba54}</UniqueIdentifier>
    </Filter>
    <Filter Include="3D">
      <UniqueIdentifier>{68280fbf-52d1-4a74-8971-b74bd0ae9b83}</UniqueIdentifier>
    </Filter>
    <Filter Include="3D\Shaders">
      <UniqueIdentifier>{e6a42cb6-4a53-4e02-8abb-4e67afc33660}</UniqueIdentifier>
    </Filter>
    <Filter Include="3D\Resources">
      <UniqueIdentifier>{c3ba491b-4b0d-4f11-9607-127cfd9b4dbf}</UniqueIdentifier>
    </Filter>
    <Filter Include="3D\Utility">
      <UniqueIdentifier>{9081c58d-f90c-4295-aab3-0ff845d5edf7}</UniqueIdentifier>
    </Filter>
    <Filter Include="3D\Scene">
      <UniqueIdentifier>{7847453a-dde0-4640-bfdd-42a7a16b5f8c}</UniqueIdentifier>
    </Filter>
    <Filter Include="3D\Entities">
      <UniqueIdentifier>{053a8bb1-966e-4e82-9408-bd3b833773eb}</UniqueIdentifier>
    </Filter>
    <Filter Include="3D\Objects">
      <UniqueIdentifier>{8765992a-e32b-43fb-9d43-3921e3c65f9f}</UniqueIdentifier>
    </Filter>
    <Filter Include="3D\Objects\Interfaces">
      <UniqueIdentifier>{319a79c7-801b-4275-bf60-728619f789de}</UniqueIdentifier>
    </Filter>
    <Filter Include="3D\Objects\BaseObjects">
      <UniqueIdentifier>{1782f848-fc4f-4bdf-96f4-894aa4b12c85}</UniqueIdentifier>
    </Filter>
    <Filter Include="3D\Entities\BaseEntities">
      <UniqueIdentifier>{eda47c50-fa7e-40cc-8a9e-f04c7bb05258}</UniqueIdentifier>
    </Filter>
    <Filter Include="3D\Objects\TextRenderer">
      <UniqueIdentifier>{ab7fdd8e-ee3a-49dd-a2e4-ca6445764cf3}</UniqueIdentifier>
    </Filter>
  </ItemGroup>
  <ItemGroup>
    <ApplicationDefinition Include="App.xaml" />
  </ItemGroup>
  <ItemGroup>
    <ClCompile Include="App.xaml.cpp" />
    <ClCompile Include="pch.cpp" />
    <ClCompile Include="Main.cpp" />
    <ClCompile Include="Objects\File.cpp">
      <Filter>Objects</Filter>
    </ClCompile>
    <ClCompile Include="Pages\LocalFileExploPage.xaml.cpp" />
    <ClCompile Include="Pages\ServerFileExploPage.xaml.cpp" />
    <ClCompile Include="Objects\UserDevice.cpp">
      <Filter>Objects</Filter>
    </ClCompile>
    <ClCompile Include="Pages\DeviceManagerPage.xaml.cpp" />
    <ClCompile Include="Objects\DeviceTypeValueConverter.cpp">
      <Filter>Objects</Filter>
    </ClCompile>
    <ClCompile Include="Pages\AddDevicePage.xaml.cpp" />
    <ClCompile Include="Pages\HomePage.xaml.cpp" />
    <ClCompile Include="Objects\HoloLensContext.cpp">
      <Filter>Objects</Filter>
    </ClCompile>
    <ClCompile Include="Network\TCPClient.cpp">
      <Filter>Network</Filter>
    </ClCompile>
    <ClCompile Include="Pages\UserExploPage.xaml.cpp" />
    <ClCompile Include="3D\AppView.cpp">
      <Filter>3D</Filter>
    </ClCompile>
    <ClCompile Include="3D\SpatialInputHandler.cpp">
      <Filter>3D</Filter>
    </ClCompile>
    <ClCompile Include="Pages\ConnectionPage.xaml.cpp" />
    <ClCompile Include="3D\Scene\SceneRenderer.cpp">
      <Filter>3D\Scene</Filter>
    </ClCompile>
    <ClCompile Include="3D\Scene\HolographicScene.cpp">
      <Filter>3D\Scene</Filter>
    </ClCompile>
    <ClCompile Include="3D\Resources\CameraResources.cpp">
      <Filter>3D\Resources</Filter>
    </ClCompile>
    <ClCompile Include="3D\Resources\DeviceResources.cpp">
      <Filter>3D\Resources</Filter>
    </ClCompile>
    <ClCompile Include="3D\Entities\CubeEntity.cpp">
      <Filter>3D\Entities</Filter>
    </ClCompile>
    <ClCompile Include="3D\Entities\Entity.cpp">
      <Filter>3D\Entities\BaseEntities</Filter>
    </ClCompile>
    <ClCompile Include="3D\Entities\InteractableEntity.cpp">
      <Filter>3D\Entities\BaseEntities</Filter>
    </ClCompile>
    <ClCompile Include="3D\Objects\ColoredCube.cpp">
      <Filter>3D\Objects</Filter>
    </ClCompile>
    <ClCompile Include="3D\Entities\CursorEntity.cpp">
      <Filter>3D\Entities</Filter>
    </ClCompile>
    <ClCompile Include="3D\Objects\ColoredCircle.cpp">
      <Filter>3D\Objects</Filter>
    </ClCompile>
    <ClCompile Include="3D\Objects\BaseObjects\ColoredObject.cpp">
      <Filter>3D\Objects\BaseObjects</Filter>
    </ClCompile>
    <ClCompile Include="3D\Resources\Texture2D.cpp">
      <Filter>3D\Resources</Filter>
    </ClCompile>
    <ClCompile Include="3D\Utility\DirectXHelper.cpp">
      <Filter>3D\Utility</Filter>
    </ClCompile>
    <ClCompile Include="3D\Objects\TextRenderer.cpp">
      <Filter>3D\Objects\TextRenderer</Filter>
    </ClCompile>
    <ClCompile Include="3D\Objects\DistanceFieldRenderer.cpp">
      <Filter>3D\Objects\TextRenderer</Filter>
    </ClCompile>
    <ClCompile Include="3D\Objects\TextQuad.cpp">
      <Filter>3D\Objects\TextRenderer</Filter>
    </ClCompile>
    <ClCompile Include="3D\Utility\CFW1StateSaver.cpp">
      <Filter>3D\Utility</Filter>
    </ClCompile>
    <ClCompile Include="3D\Objects\TexturedSquare.cpp">
      <Filter>3D\Objects</Filter>
    </ClCompile>
  </ItemGroup>
  <ItemGroup>
    <ClInclude Include="pch.h" />
    <ClInclude Include="App.xaml.h" />
    <ClInclude Include="Objects\FileDataTemplateSelector.h">
      <Filter>Objects</Filter>
    </ClInclude>
    <ClInclude Include="Objects\File.h">
      <Filter>Objects</Filter>
    </ClInclude>
    <ClInclude Include="Pages\LocalFileExploPage.xaml.h" />
    <ClInclude Include="Pages\ServerFileExploPage.xaml.h" />
    <ClInclude Include="Objects\UserDevice.h">
      <Filter>Objects</Filter>
    </ClInclude>
    <ClInclude Include="Pages\DeviceManagerPage.xaml.h" />
    <ClInclude Include="Objects\DeviceTypeValueConverter.h">
      <Filter>Objects</Filter>
    </ClInclude>
    <ClInclude Include="Pages\AddDevicePage.xaml.h" />
    <ClInclude Include="Pages\HomePage.xaml.h" />
    <ClInclude Include="Objects\HoloLensContext.h">
      <Filter>Objects</Filter>
    </ClInclude>
    <ClInclude Include="Objects\Utility.h">
      <Filter>Pages</Filter>
    </ClInclude>
    <ClInclude Include="Network\TCPClient.h">
      <Filter>Network</Filter>
    </ClInclude>
    <ClInclude Include="Pages\UserExploPage.xaml.h" />
    <ClInclude Include="3D\Shaders\ShaderStructures.h">
      <Filter>3D\Shaders</Filter>
    </ClInclude>
    <ClInclude Include="3D\Utility\DirectXHelper.h">
      <Filter>3D\Utility</Filter>
    </ClInclude>
    <ClInclude Include="3D\Utility\StepTimer.h">
      <Filter>3D\Utility</Filter>
    </ClInclude>
    <ClInclude Include="3D\AppView.h">
      <Filter>3D</Filter>
    </ClInclude>
    <ClInclude Include="3D\SpatialInputHandler.h">
      <Filter>3D</Filter>
    </ClInclude>
    <ClInclude Include="Pages\ConnectionPage.xaml.h" />
    <ClInclude Include="3D\Scene\SceneRenderer.h">
      <Filter>3D\Scene</Filter>
    </ClInclude>
    <ClInclude Include="3D\Scene\HolographicScene.h">
      <Filter>3D\Scene</Filter>
    </ClInclude>
    <ClInclude Include="3D\Resources\CameraResources.h">
      <Filter>3D\Resources</Filter>
    </ClInclude>
    <ClInclude Include="3D\Resources\DeviceResources.h">
      <Filter>3D\Resources</Filter>
    </ClInclude>
    <ClInclude Include="3D\Entities\CubeEntity.h">
      <Filter>3D\Entities</Filter>
    </ClInclude>
    <ClInclude Include="3D\Entities\Entity.h">
      <Filter>3D\Entities\BaseEntities</Filter>
    </ClInclude>
    <ClInclude Include="3D\Entities\InteractableEntity.h">
      <Filter>3D\Entities\BaseEntities</Filter>
    </ClInclude>
    <ClInclude Include="3D\Objects\ColoredCube.h">
      <Filter>3D\Objects</Filter>
    </ClInclude>
    <ClInclude Include="3D\Entities\CursorEntity.h">
      <Filter>3D\Entities</Filter>
    </ClInclude>
    <ClInclude Include="3D\Objects\ColoredCircle.h">
      <Filter>3D\Objects</Filter>
    </ClInclude>
    <ClInclude Include="3D\Objects\BaseObjects\ColoredObject.h">
      <Filter>3D\Objects\BaseObjects</Filter>
    </ClInclude>
    <ClInclude Include="3D\Objects\Interfaces\IColoredObject.h">
      <Filter>3D\Objects\Interfaces</Filter>
    </ClInclude>
    <ClInclude Include="3D\Objects\Interfaces\IObject.h">
      <Filter>3D\Objects\Interfaces</Filter>
    </ClInclude>
    <ClInclude Include="3D\Objects\Interfaces\ITexturedObject.h">
      <Filter>3D\Objects\Interfaces</Filter>
    </ClInclude>
    <ClInclude Include="3D\Resources\Texture2D.h">
      <Filter>3D\Resources</Filter>
    </ClInclude>
    <ClInclude Include="3D\Objects\Interfaces\ITextObject.h">
      <Filter>3D\Objects\Interfaces</Filter>
    </ClInclude>
    <ClInclude Include="3D\Objects\TextRenderer.h">
      <Filter>3D\Objects\TextRenderer</Filter>
    </ClInclude>
    <ClInclude Include="3D\Objects\DistanceFieldRenderer.h">
      <Filter>3D\Objects\TextRenderer</Filter>
    </ClInclude>
    <ClInclude Include="3D\Objects\TextQuad.h">
      <Filter>3D\Objects\TextRenderer</Filter>
    </ClInclude>
    <ClInclude Include="3D\Utility\CFW1StateSaver.h">
      <Filter>3D\Utility</Filter>
    </ClInclude>
    <ClInclude Include="3D\Objects\TexturedSquare.h">
      <Filter>3D\Objects</Filter>
    </ClInclude>
  </ItemGroup>
  <ItemGroup>
    <Image Include="Assets\LockScreenLogo.scale-200.png">
      <Filter>Assets</Filter>
    </Image>
    <Image Include="Assets\SplashScreen.scale-200.png">
      <Filter>Assets</Filter>
    </Image>
    <Image Include="Assets\Square150x150Logo.scale-200.png">
      <Filter>Assets</Filter>
    </Image>
    <Image Include="Assets\Square44x44Logo.scale-200.png">
      <Filter>Assets</Filter>
    </Image>
    <Image Include="Assets\Square44x44Logo.targetsize-24_altform-unplated.png">
      <Filter>Assets</Filter>
    </Image>
    <Image Include="Assets\StoreLogo.png">
      <Filter>Assets</Filter>
    </Image>
    <Image Include="Assets\Wide310x150Logo.scale-200.png">
      <Filter>Assets</Filter>
    </Image>
    <Image Include="Assets\folderIcon.png">
      <Filter>Assets</Filter>
    </Image>
    <Image Include="Assets\placeholder.dds">
      <Filter>Assets</Filter>
    </Image>
  </ItemGroup>
  <ItemGroup>
    <AppxManifest Include="Package.appxmanifest" />
  </ItemGroup>
  <ItemGroup>
    <None Include="CubZHoloLensClient_TemporaryKey.pfx" />
    <None Include="packages.config" />
  </ItemGroup>
  <ItemGroup>
    <Page Include="Pages\ServerFileExploPage.xaml">
      <Filter>Pages</Filter>
    </Page>
    <Page Include="Pages\LocalFileExploPage.xaml">
      <Filter>Pages</Filter>
    </Page>
    <Page Include="Pages\DeviceManagerPage.xaml">
      <Filter>Pages</Filter>
    </Page>
    <Page Include="Pages\AddDevicePage.xaml">
      <Filter>Pages</Filter>
    </Page>
    <Page Include="Pages\HomePage.xaml">
      <Filter>Pages</Filter>
    </Page>
    <Page Include="Pages\UserExploPage.xaml">
      <Filter>Pages</Filter>
    </Page>
    <Page Include="Pages\ConnectionPage.xaml">
      <Filter>Pages</Filter>
    </Page>
  </ItemGroup>
  <ItemGroup>
    <FxCompile Include="3D\Shaders\GeometryShader.hlsl">
      <Filter>3D\Shaders</Filter>
    </FxCompile>
    <FxCompile Include="3D\Shaders\PixelShader.hlsl">
      <Filter>3D\Shaders</Filter>
    </FxCompile>
    <FxCompile Include="3D\Shaders\VertexShaderColor.hlsl">
      <Filter>3D\Shaders</Filter>
    </FxCompile>
    <FxCompile Include="3D\Shaders\VPRTVertexShader.hlsl">
      <Filter>3D\Shaders</Filter>
    </FxCompile>
    <FxCompile Include="3D\Shaders\GeometryShaderTexture.hlsl">
      <Filter>3D\Shaders</Filter>
    </FxCompile>
    <FxCompile Include="3D\Shaders\PixelShaderTexture.hlsl">
      <Filter>3D\Shaders</Filter>
    </FxCompile>
    <FxCompile Include="3D\Shaders\VertexShaderTexture.hlsl">
      <Filter>3D\Shaders</Filter>
    </FxCompile>
    <FxCompile Include="3D\Shaders\VPRTVertexShaderTexture.hlsl">
      <Filter>3D\Shaders</Filter>
    </FxCompile>
    <FxCompile Include="3D\Shaders\UseDistanceFieldPixelShader.hlsl">
      <Filter>3D\Shaders</Filter>
    </FxCompile>
    <FxCompile Include="3D\Shaders\CreateDistanceFieldPixelShader.hlsl">
      <Filter>3D\Shaders</Filter>
    </FxCompile>
    <FxCompile Include="3D\Shaders\FullscreenQuadVertexShader.hlsl">
      <Filter>3D\Shaders</Filter>
    </FxCompile>
  </ItemGroup>
</Project>