<?xml version="1.0" encoding="utf-8"?>
<Project ToolsVersion="15.0" xmlns="http://schemas.microsoft.com/developer/msbuild/2003">
  <ItemGroup>
    <Filter Include="Assets">
      <UniqueIdentifier>943a3c60-dbb0-4a0b-ae4a-a88dba21ffbb</UniqueIdentifier>
      <Extensions>bmp;fbx;gif;jpg;jpeg;tga;tiff;tif;png</Extensions>
    </Filter>
    <Filter Include="Pages">
      <UniqueIdentifier>{87668aff-b511-4460-8fb6-b0b058fb6b33}</UniqueIdentifier>
    </Filter>
    <Filter Include="Network">
      <UniqueIdentifier>{d9604d9f-bfa1-4202-9b91-c99020f2ba54}</UniqueIdentifier>
    </Filter>
    <Filter Include="3D">
      <UniqueIdentifier>{68280fbf-52d1-4a74-8971-b74bd0ae9b83}</UniqueIdentifier>
    </Filter>
    <Filter Include="3D\Shaders">
      <UniqueIdentifier>{e6a42cb6-4a53-4e02-8abb-4e67afc33660}</UniqueIdentifier>
    </Filter>
    <Filter Include="3D\Resources">
      <UniqueIdentifier>{c3ba491b-4b0d-4f11-9607-127cfd9b4dbf}</UniqueIdentifier>
    </Filter>
    <Filter Include="3D\Utility">
      <UniqueIdentifier>{9081c58d-f90c-4295-aab3-0ff845d5edf7}</UniqueIdentifier>
    </Filter>
    <Filter Include="3D\Scene">
      <UniqueIdentifier>{7847453a-dde0-4640-bfdd-42a7a16b5f8c}</UniqueIdentifier>
    </Filter>
    <Filter Include="3D\Entities">
      <UniqueIdentifier>{053a8bb1-966e-4e82-9408-bd3b833773eb}</UniqueIdentifier>
    </Filter>
    <Filter Include="3D\Objects">
      <UniqueIdentifier>{8765992a-e32b-43fb-9d43-3921e3c65f9f}</UniqueIdentifier>
    </Filter>
    <Filter Include="3D\Objects\GUI">
      <UniqueIdentifier>{98b9e288-2fbd-458e-b713-1d0ed4ebad8b}</UniqueIdentifier>
    </Filter>
    <Filter Include="3D\Objects\GUI\Interfaces">
      <UniqueIdentifier>{e8820a7c-4d76-40d8-b3e3-9a3d43149dd7}</UniqueIdentifier>
    </Filter>
    <Filter Include="3D\Objects\Mesh">
      <UniqueIdentifier>{10057d99-e656-4f37-ab6c-2932e6099c3a}</UniqueIdentifier>
    </Filter>
    <Filter Include="3D\Objects\Mesh\Interfaces">
      <UniqueIdentifier>{31923ffb-f573-41cc-b8a4-4adaa92f9a85}</UniqueIdentifier>
    </Filter>
    <Filter Include="3D\Shaders\Vertex">
      <UniqueIdentifier>{0960b119-b35a-4671-80ae-19742e743790}</UniqueIdentifier>
    </Filter>
    <Filter Include="3D\Shaders\Pixel">
      <UniqueIdentifier>{7521ec9a-5159-4dc3-b3eb-f73f84c7eb49}</UniqueIdentifier>
    </Filter>
    <Filter Include="3D\Shaders\Geometry">
      <UniqueIdentifier>{85cc630a-9d37-4cd9-87e8-9817cd027148}</UniqueIdentifier>
    </Filter>
    <Filter Include="3D\Objects\Common">
      <UniqueIdentifier>{43dc58e2-87cd-4948-a1fd-5035ed5b7416}</UniqueIdentifier>
    </Filter>
    <Filter Include="3D\Entities\Common">
      <UniqueIdentifier>{9291e61a-935f-4fa5-9d97-8ca44840dae9}</UniqueIdentifier>
    </Filter>
    <Filter Include="3D\Entities\GUI">
      <UniqueIdentifier>{31a4359d-669d-49f3-8476-846914ba039e}</UniqueIdentifier>
    </Filter>
    <Filter Include="3D\Objects\GUI\Text">
      <UniqueIdentifier>{8b61348b-5ee9-4599-a8a5-8e34a9d951e1}</UniqueIdentifier>
    </Filter>
    <Filter Include="3D\Objects\Mesh\Common">
      <UniqueIdentifier>{63db54ac-058c-403f-b1c9-cc57d06da471}</UniqueIdentifier>
    </Filter>
    <Filter Include="3D\Objects\Mesh\2DFormes">
      <UniqueIdentifier>{632d2dbf-7e10-43e0-97e4-df95a6b111a4}</UniqueIdentifier>
    </Filter>
    <Filter Include="3D\Objects\Mesh\3DFormes">
      <UniqueIdentifier>{c7f09666-56e7-4f7a-aec2-737951efe021}</UniqueIdentifier>
    </Filter>
    <Filter Include="3D\Loaders">
      <UniqueIdentifier>{0bd6ea63-9efa-4b90-8a87-4ca389de1f65}</UniqueIdentifier>
    </Filter>
    <Filter Include="Assets\Models">
      <UniqueIdentifier>{65ed6351-9e62-42e3-8016-33666bdfbc09}</UniqueIdentifier>
    </Filter>
    <Filter Include="Utility">
      <UniqueIdentifier>{423774a4-dac3-42e9-a95d-2e21066f42ca}</UniqueIdentifier>
    </Filter>
    <Filter Include="Objects">
      <UniqueIdentifier>{c4da1d88-7947-439b-94ea-5e71108e5078}</UniqueIdentifier>
    </Filter>
  </ItemGroup>
  <ItemGroup>
    <ApplicationDefinition Include="App.xaml" />
  </ItemGroup>
  <ItemGroup>
    <ClCompile Include="App.xaml.cpp" />
    <ClCompile Include="pch.cpp" />
    <ClCompile Include="Main.cpp" />
    <ClCompile Include="Objects\File.cpp">
      <Filter>Objects</Filter>
    </ClCompile>
    <ClCompile Include="Pages\LocalFileExploPage.xaml.cpp" />
    <ClCompile Include="Pages\ServerFileExploPage.xaml.cpp" />
    <ClCompile Include="Objects\UserDevice.cpp">
      <Filter>Objects</Filter>
    </ClCompile>
    <ClCompile Include="Pages\DeviceManagerPage.xaml.cpp" />
    <ClCompile Include="Objects\DeviceTypeValueConverter.cpp">
      <Filter>Objects</Filter>
    </ClCompile>
    <ClCompile Include="Pages\AddDevicePage.xaml.cpp" />
    <ClCompile Include="Pages\HomePage.xaml.cpp" />
    <ClCompile Include="Objects\HoloLensContext.cpp">
      <Filter>Objects</Filter>
    </ClCompile>
    <ClCompile Include="Network\TCPClient.cpp">
      <Filter>Network</Filter>
    </ClCompile>
    <ClCompile Include="Pages\UserExploPage.xaml.cpp" />
    <ClCompile Include="3D\AppView.cpp">
      <Filter>3D</Filter>
    </ClCompile>
    <ClCompile Include="3D\SpatialInputHandler.cpp">
      <Filter>3D</Filter>
    </ClCompile>
    <ClCompile Include="Pages\ConnectionPage.xaml.cpp" />
    <ClCompile Include="3D\Scene\SceneRenderer.cpp">
      <Filter>3D\Scene</Filter>
    </ClCompile>
    <ClCompile Include="3D\Scene\HolographicScene.cpp">
      <Filter>3D\Scene</Filter>
    </ClCompile>
    <ClCompile Include="3D\Resources\CameraResources.cpp">
      <Filter>3D\Resources</Filter>
    </ClCompile>
    <ClCompile Include="3D\Resources\DeviceResources.cpp">
      <Filter>3D\Resources</Filter>
    </ClCompile>
    <ClCompile Include="3D\Entities\CubeEntity.cpp">
      <Filter>3D\Entities</Filter>
    </ClCompile>
    <ClCompile Include="3D\Entities\CursorEntity.cpp">
      <Filter>3D\Entities</Filter>
    </ClCompile>
    <ClCompile Include="3D\Resources\Texture2D.cpp">
      <Filter>3D\Resources</Filter>
    </ClCompile>
    <ClCompile Include="3D\Utility\DirectXHelper.cpp">
      <Filter>3D\Utility</Filter>
    </ClCompile>
    <ClCompile Include="3D\Utility\CFW1StateSaver.cpp">
      <Filter>3D\Utility</Filter>
    </ClCompile>
    <ClCompile Include="3D\Entities\Common\Entity.cpp">
      <Filter>3D\Entities\Common</Filter>
    </ClCompile>
    <ClCompile Include="3D\Entities\Common\InteractableEntity.cpp">
      <Filter>3D\Entities\Common</Filter>
    </ClCompile>
    <ClCompile Include="3D\Entities\GUI\Button.cpp">
      <Filter>3D\Entities\GUI</Filter>
    </ClCompile>
    <ClCompile Include="3D\Objects\GUI\DistanceFieldRenderer.cpp">
      <Filter>3D\Objects\GUI\Text</Filter>
    </ClCompile>
    <ClCompile Include="3D\Objects\GUI\TextRenderer.cpp">
      <Filter>3D\Objects\GUI\Text</Filter>
    </ClCompile>
    <ClCompile Include="3D\Objects\GUI\ButtonObject.cpp">
      <Filter>3D\Objects\GUI</Filter>
    </ClCompile>
    <ClCompile Include="3D\Objects\Mesh\Common\ColoredObject.cpp">
      <Filter>3D\Objects\Mesh\Common</Filter>
    </ClCompile>
    <ClCompile Include="3D\Objects\Mesh\2DFormes\ColoredCircle.cpp">
      <Filter>3D\Objects\Mesh\2DFormes</Filter>
    </ClCompile>
    <ClCompile Include="3D\Objects\Mesh\3DFormes\ColoredCube.cpp">
      <Filter>3D\Objects\Mesh\3DFormes</Filter>
    </ClCompile>
    <ClCompile Include="3D\Objects\Mesh\2DFormes\ColoredRectangle.cpp">
      <Filter>3D\Objects\Mesh\2DFormes</Filter>
    </ClCompile>
    <ClCompile Include="3D\Objects\Mesh\2DFormes\TexturedRectangle.cpp">
      <Filter>3D\Objects\Mesh\2DFormes</Filter>
    </ClCompile>
    <ClCompile Include="3D\Objects\GUI\TextObject.cpp">
      <Filter>3D\Objects\GUI\Text</Filter>
    </ClCompile>
    <ClCompile Include="3D\Entities\GUI\Panel.cpp">
      <Filter>3D\Entities\GUI</Filter>
    </ClCompile>
    <ClCompile Include="3D\Loaders\OBJLoader.cpp">
      <Filter>3D\Loaders</Filter>
    </ClCompile>
    <ClCompile Include="3D\Objects\Mesh\3DFormes\OBJMesh.cpp">
      <Filter>3D\Objects\Mesh\3DFormes</Filter>
    </ClCompile>
    <ClCompile Include="3D\Loaders\tiny_obj_loader.cpp">
      <Filter>3D\Loaders</Filter>
    </ClCompile>
    <ClCompile Include="3D\Entities\GUI\MainMenu.cpp">
      <Filter>3D\Entities\GUI</Filter>
    </ClCompile>
    <ClCompile Include="3D\Entities\GUI\ModificationMenu.cpp">
      <Filter>3D\Entities\GUI</Filter>
    </ClCompile>
    <ClCompile Include="3D\Entities\Common\EditableEntity.cpp">
      <Filter>3D\Entities\Common</Filter>
    </ClCompile>
    <ClCompile Include="Objects\User.cpp">
      <Filter>Objects</Filter>
    </ClCompile>
    <ClCompile Include="Utility\Utility.cpp">
      <Filter>Utility</Filter>
    </ClCompile>
    <ClCompile Include="3D\Entities\GUI\EntityMenu.cpp">
      <Filter>3D\Entities\GUI</Filter>
    </ClCompile>
    <ClCompile Include="3D\Entities\ObjEntity.cpp">
      <Filter>3D\Entities</Filter>
    </ClCompile>
  </ItemGroup>
  <ItemGroup>
    <ClInclude Include="pch.h" />
    <ClInclude Include="App.xaml.h" />
    <ClInclude Include="Objects\FileDataTemplateSelector.h">
      <Filter>Objects</Filter>
    </ClInclude>
    <ClInclude Include="Objects\File.h">
      <Filter>Objects</Filter>
    </ClInclude>
    <ClInclude Include="Pages\LocalFileExploPage.xaml.h" />
    <ClInclude Include="Pages\ServerFileExploPage.xaml.h" />
    <ClInclude Include="Objects\UserDevice.h">
      <Filter>Objects</Filter>
    </ClInclude>
    <ClInclude Include="Pages\DeviceManagerPage.xaml.h" />
    <ClInclude Include="Objects\DeviceTypeValueConverter.h">
      <Filter>Objects</Filter>
    </ClInclude>
    <ClInclude Include="Pages\AddDevicePage.xaml.h" />
    <ClInclude Include="Pages\HomePage.xaml.h" />
    <ClInclude Include="Objects\HoloLensContext.h">
      <Filter>Objects</Filter>
    </ClInclude>
    <ClInclude Include="Objects\Utility.h">
      <Filter>Pages</Filter>
    </ClInclude>
    <ClInclude Include="Network\TCPClient.h">
      <Filter>Network</Filter>
    </ClInclude>
    <ClInclude Include="Pages\UserExploPage.xaml.h" />
    <ClInclude Include="3D\Utility\DirectXHelper.h">
      <Filter>3D\Utility</Filter>
    </ClInclude>
    <ClInclude Include="3D\Utility\StepTimer.h">
      <Filter>3D\Utility</Filter>
    </ClInclude>
    <ClInclude Include="3D\AppView.h">
      <Filter>3D</Filter>
    </ClInclude>
    <ClInclude Include="3D\SpatialInputHandler.h">
      <Filter>3D</Filter>
    </ClInclude>
    <ClInclude Include="Pages\ConnectionPage.xaml.h" />
    <ClInclude Include="3D\Scene\SceneRenderer.h">
      <Filter>3D\Scene</Filter>
    </ClInclude>
    <ClInclude Include="3D\Scene\HolographicScene.h">
      <Filter>3D\Scene</Filter>
    </ClInclude>
    <ClInclude Include="3D\Resources\CameraResources.h">
      <Filter>3D\Resources</Filter>
    </ClInclude>
    <ClInclude Include="3D\Resources\DeviceResources.h">
      <Filter>3D\Resources</Filter>
    </ClInclude>
    <ClInclude Include="3D\Entities\CubeEntity.h">
      <Filter>3D\Entities</Filter>
    </ClInclude>
    <ClInclude Include="3D\Entities\CursorEntity.h">
      <Filter>3D\Entities</Filter>
    </ClInclude>
    <ClInclude Include="3D\Resources\Texture2D.h">
      <Filter>3D\Resources</Filter>
    </ClInclude>
    <ClInclude Include="3D\Utility\CFW1StateSaver.h">
      <Filter>3D\Utility</Filter>
    </ClInclude>
    <ClInclude Include="3D\Objects\Mesh\Interfaces\IColoredObject.h">
      <Filter>3D\Objects\Mesh\Interfaces</Filter>
    </ClInclude>
    <ClInclude Include="3D\Objects\Mesh\Interfaces\ITexturedObject.h">
      <Filter>3D\Objects\Mesh\Interfaces</Filter>
    </ClInclude>
    <ClInclude Include="3D\Shaders\ShaderStructures.h">
      <Filter>3D\Shaders</Filter>
    </ClInclude>
    <ClInclude Include="3D\Objects\GUI\Interfaces\ITextObject.h">
      <Filter>3D\Objects\GUI\Interfaces</Filter>
    </ClInclude>
    <ClInclude Include="3D\Objects\Common\IObject.h">
      <Filter>3D\Objects\Common</Filter>
    </ClInclude>
    <ClInclude Include="3D\Entities\Common\Entity.h">
      <Filter>3D\Entities\Common</Filter>
    </ClInclude>
    <ClInclude Include="3D\Entities\Common\InteractableEntity.h">
      <Filter>3D\Entities\Common</Filter>
    </ClInclude>
    <ClInclude Include="3D\Entities\GUI\Button.h">
      <Filter>3D\Entities\GUI</Filter>
    </ClInclude>
    <ClInclude Include="3D\Objects\GUI\DistanceFieldRenderer.h">
      <Filter>3D\Objects\GUI\Text</Filter>
    </ClInclude>
    <ClInclude Include="3D\Objects\GUI\TextRenderer.h">
      <Filter>3D\Objects\GUI\Text</Filter>
    </ClInclude>
    <ClInclude Include="3D\Objects\GUI\ButtonObject.h">
      <Filter>3D\Objects\GUI</Filter>
    </ClInclude>
    <ClInclude Include="3D\Objects\Mesh\Common\ColoredObject.h">
      <Filter>3D\Objects\Mesh\Common</Filter>
    </ClInclude>
    <ClInclude Include="3D\Objects\Mesh\2DFormes\ColoredCircle.h">
      <Filter>3D\Objects\Mesh\2DFormes</Filter>
    </ClInclude>
    <ClInclude Include="3D\Objects\Mesh\3DFormes\ColoredCube.h">
      <Filter>3D\Objects\Mesh\3DFormes</Filter>
    </ClInclude>
    <ClInclude Include="3D\Objects\Mesh\2DFormes\ColoredRectangle.h">
      <Filter>3D\Objects\Mesh\2DFormes</Filter>
    </ClInclude>
    <ClInclude Include="3D\Objects\Mesh\2DFormes\TexturedRectangle.h">
      <Filter>3D\Objects\Mesh\2DFormes</Filter>
    </ClInclude>
    <ClInclude Include="3D\Objects\GUI\TextObject.h">
      <Filter>3D\Objects\GUI\Text</Filter>
    </ClInclude>
    <ClInclude Include="3D\Entities\Common\IEntity.h">
      <Filter>3D\Entities\Common</Filter>
    </ClInclude>
    <ClInclude Include="3D\Entities\GUI\Panel.h">
      <Filter>3D\Entities\GUI</Filter>
    </ClInclude>
    <ClInclude Include="3D\Entities\GUI\GUIEntity.h">
      <Filter>3D\Entities\GUI</Filter>
    </ClInclude>
    <ClInclude Include="3D\Loaders\OBJLoader.h">
      <Filter>3D\Loaders</Filter>
    </ClInclude>
    <ClInclude Include="3D\Objects\Mesh\3DFormes\OBJMesh.h">
      <Filter>3D\Objects\Mesh\3DFormes</Filter>
    </ClInclude>
    <ClInclude Include="3D\Loaders\tiny_obj_loader.h">
      <Filter>3D\Loaders</Filter>
    </ClInclude>
    <ClInclude Include="Utility\Utility.h">
      <Filter>Utility</Filter>
    </ClInclude>
    <ClInclude Include="3D\Entities\GUI\MainMenu.h">
      <Filter>3D\Entities\GUI</Filter>
    </ClInclude>
    <ClInclude Include="3D\Entities\GUI\ModificationMenu.h">
      <Filter>3D\Entities\GUI</Filter>
    </ClInclude>
    <ClInclude Include="3D\Entities\Common\EntityRoot.h">
      <Filter>3D\Entities\Common</Filter>
    </ClInclude>
    <ClInclude Include="3D\Entities\Common\EditableEntity.h">
      <Filter>3D\Entities\Common</Filter>
    </ClInclude>
    <ClInclude Include="3D\Utility\Collision.h">
      <Filter>3D\Utility</Filter>
    </ClInclude>
    <ClInclude Include="Objects\User.h">
      <Filter>Objects</Filter>
    </ClInclude>
    <ClInclude Include="Objects\UserDataTemplateSelector.h">
      <Filter>Objects</Filter>
    </ClInclude>
    <ClInclude Include="3D\Entities\GUI\EntityMenu.h">
      <Filter>3D\Entities\GUI</Filter>
    </ClInclude>
    <ClInclude Include="3D\Entities\ObjEntity.h">
      <Filter>3D\Entities</Filter>
    </ClInclude>
  </ItemGroup>
  <ItemGroup>
    <Image Include="Assets\LockScreenLogo.scale-200.png">
      <Filter>Assets</Filter>
    </Image>
    <Image Include="Assets\SplashScreen.scale-200.png">
      <Filter>Assets</Filter>
    </Image>
    <Image Include="Assets\Square150x150Logo.scale-200.png">
      <Filter>Assets</Filter>
    </Image>
    <Image Include="Assets\Square44x44Logo.scale-200.png">
      <Filter>Assets</Filter>
    </Image>
    <Image Include="Assets\Square44x44Logo.targetsize-24_altform-unplated.png">
      <Filter>Assets</Filter>
    </Image>
    <Image Include="Assets\StoreLogo.png">
      <Filter>Assets</Filter>
    </Image>
    <Image Include="Assets\Wide310x150Logo.scale-200.png">
      <Filter>Assets</Filter>
    </Image>
    <Image Include="Assets\folderIcon.png">
      <Filter>Assets</Filter>
    </Image>
    <Image Include="Assets\placeholder.dds">
      <Filter>Assets</Filter>
    </Image>
  </ItemGroup>
  <ItemGroup>
    <AppxManifest Include="Package.appxmanifest" />
  </ItemGroup>
  <ItemGroup>
    <None Include="CubZHoloLensClient_TemporaryKey.pfx" />
    <None Include="packages.config" />
  </ItemGroup>
  <ItemGroup>
    <Page Include="Pages\ServerFileExploPage.xaml">
      <Filter>Pages</Filter>
    </Page>
    <Page Include="Pages\LocalFileExploPage.xaml">
      <Filter>Pages</Filter>
    </Page>
    <Page Include="Pages\DeviceManagerPage.xaml">
      <Filter>Pages</Filter>
    </Page>
    <Page Include="Pages\AddDevicePage.xaml">
      <Filter>Pages</Filter>
    </Page>
    <Page Include="Pages\HomePage.xaml">
      <Filter>Pages</Filter>
    </Page>
    <Page Include="Pages\UserExploPage.xaml">
      <Filter>Pages</Filter>
    </Page>
    <Page Include="Pages\ConnectionPage.xaml">
      <Filter>Pages</Filter>
    </Page>
  </ItemGroup>
  <ItemGroup>
    <FxCompile Include="3D\Shaders\Geometry\GeometryShader.hlsl">
      <Filter>3D\Shaders\Geometry</Filter>
    </FxCompile>
    <FxCompile Include="3D\Shaders\Geometry\GeometryShaderTexture.hlsl">
      <Filter>3D\Shaders\Geometry</Filter>
    </FxCompile>
    <FxCompile Include="3D\Shaders\Pixel\CreateDistanceFieldPixelShader.hlsl">
      <Filter>3D\Shaders\Pixel</Filter>
    </FxCompile>
    <FxCompile Include="3D\Shaders\Pixel\PixelShader.hlsl">
      <Filter>3D\Shaders\Pixel</Filter>
    </FxCompile>
    <FxCompile Include="3D\Shaders\Pixel\PixelShaderTexture.hlsl">
      <Filter>3D\Shaders\Pixel</Filter>
    </FxCompile>
    <FxCompile Include="3D\Shaders\Pixel\UseDistanceFieldPixelShader.hlsl">
      <Filter>3D\Shaders\Pixel</Filter>
    </FxCompile>
    <FxCompile Include="3D\Shaders\Vertex\BasicVertexShader.hlsl">
      <Filter>3D\Shaders\Vertex</Filter>
    </FxCompile>
    <FxCompile Include="3D\Shaders\Vertex\FullscreenQuadVertexShader.hlsl">
      <Filter>3D\Shaders\Vertex</Filter>
    </FxCompile>
    <FxCompile Include="3D\Shaders\Vertex\VertexShaderColor.hlsl">
      <Filter>3D\Shaders\Vertex</Filter>
    </FxCompile>
    <FxCompile Include="3D\Shaders\Vertex\VertexShaderTexture.hlsl">
      <Filter>3D\Shaders\Vertex</Filter>
    </FxCompile>
    <FxCompile Include="3D\Shaders\Vertex\VPRTVertexShader.hlsl">
      <Filter>3D\Shaders\Vertex</Filter>
    </FxCompile>
    <FxCompile Include="3D\Shaders\Vertex\VPRTVertexShaderTexture.hlsl">
      <Filter>3D\Shaders\Vertex</Filter>
    </FxCompile>
  </ItemGroup>
  <ItemGroup>
    <Text Include="Assets\Models\Cube.obj">
      <Filter>Assets\Models</Filter>
    </Text>
  </ItemGroup>
  <ItemGroup>
    <Object Include="Assets\Models\Sphere.obj">
      <Filter>Assets\Models</Filter>
    </Object>
  </ItemGroup>
</Project>